
Microsoft Visual Studio Solution File, Format Version 12.00
# Visual Studio Version 17
VisualStudioVersion = 17.0.31825.309
MinimumVisualStudioVersion = 10.0.40219.1
Project("{9A19103F-16F7-4668-BE54-9A1E7A4F7556}") = "Faster.Map.Benchmark", "benchmarks\Faster.Map.Benchmark\Faster.Map.Benchmark.csproj", "{1643EE6A-F080-49DE-817E-C0698BDCA3C6}"
EndProject
Project("{2150E333-8FDC-42A3-9474-1A3956D46DE8}") = "unittests", "unittests", "{D14F1A94-1E12-40B7-95AD-458306CAC233}"
EndProject
Project("{2150E333-8FDC-42A3-9474-1A3956D46DE8}") = "benchmarks", "benchmarks", "{717F512C-A5FC-4B01-9532-17D2663884A0}"
EndProject
Project("{9A19103F-16F7-4668-BE54-9A1E7A4F7556}") = "Faster.Map.Concurrent.Benchmark", "benchmarks\Faster.Map.Concurrent.Benchmark\Faster.Map.Concurrent.Benchmark.csproj", "{C6FEBDFE-354B-4333-8EA5-B4C306550BFE}"
EndProject
Project("{2150E333-8FDC-42A3-9474-1A3956D46DE8}") = "src", "src", "{21A59AB1-1ABE-404A-972E-21ECAE7DC24A}"
EndProject
Project("{9A19103F-16F7-4668-BE54-9A1E7A4F7556}") = "Faster.Map.DenseMap.Tests", "unittests\Faster.Map.DenseMap.Tests\Faster.Map.DenseMap.Tests.csproj", "{398DC6D2-90BE-4A0F-9CFA-DD728260B379}"
EndProject
Project("{9A19103F-16F7-4668-BE54-9A1E7A4F7556}") = "Faster.Map.RobinhoodMap.Tests", "unittests\Faster.Map.RobinhoodMap.Tests\Faster.Map.RobinhoodMap.Tests.csproj", "{C5F9A7E0-085D-4BA9-BD18-BDEDF987C35E}"
EndProject
Project("{9A19103F-16F7-4668-BE54-9A1E7A4F7556}") = "Faster.Map.CMap.Tests", "unittests\Faster.Map.CMap.Tests\Faster.Map.CMap.Tests.csproj", "{C917D320-324E-4696-BE76-18C967ABDAAD}"
EndProject
Project("{9A19103F-16F7-4668-BE54-9A1E7A4F7556}") = "Faster.Map", "src\Faster.Map.csproj", "{205E2F61-AB6D-4BE2-B9C5-DAE5DED816B6}"
EndProject
Project("{FAE04EC0-301F-11D3-BF4B-00C04F79EFBC}") = "Faster.Map.Hash.Benchmark", "benchmarks\Faster.Map.Hash.Benchmark\Faster.Map.Hash.Benchmark.csproj", "{84129404-D8F5-1687-BF71-4A68D6206742}"
EndProject
Project("{FAE04EC0-301F-11D3-BF4B-00C04F79EFBC}") = "Faster.Map.Hash.Tests", "unittests\Faster.Map.Hash.Tests\Faster.Map.Hash.Tests.csproj", "{81386703-5478-35CB-C5D9-DF6D2B64F97C}"
EndProject
Global
	GlobalSection(SolutionConfigurationPlatforms) = preSolution
		Debug|Any CPU = Debug|Any CPU
		Debug|x86 = Debug|x86
		Release|Any CPU = Release|Any CPU
		Release|x86 = Release|x86
	EndGlobalSection
	GlobalSection(ProjectConfigurationPlatforms) = postSolution
		{1643EE6A-F080-49DE-817E-C0698BDCA3C6}.Debug|Any CPU.ActiveCfg = Debug|Any CPU
		{1643EE6A-F080-49DE-817E-C0698BDCA3C6}.Debug|Any CPU.Build.0 = Debug|Any CPU
		{1643EE6A-F080-49DE-817E-C0698BDCA3C6}.Debug|x86.ActiveCfg = Debug|x86
		{1643EE6A-F080-49DE-817E-C0698BDCA3C6}.Debug|x86.Build.0 = Debug|x86
		{1643EE6A-F080-49DE-817E-C0698BDCA3C6}.Release|Any CPU.ActiveCfg = Release|Any CPU
		{1643EE6A-F080-49DE-817E-C0698BDCA3C6}.Release|Any CPU.Build.0 = Release|Any CPU
		{1643EE6A-F080-49DE-817E-C0698BDCA3C6}.Release|x86.ActiveCfg = Release|x86
		{1643EE6A-F080-49DE-817E-C0698BDCA3C6}.Release|x86.Build.0 = Release|x86
		{C6FEBDFE-354B-4333-8EA5-B4C306550BFE}.Debug|Any CPU.ActiveCfg = Debug|Any CPU
		{C6FEBDFE-354B-4333-8EA5-B4C306550BFE}.Debug|Any CPU.Build.0 = Debug|Any CPU
		{C6FEBDFE-354B-4333-8EA5-B4C306550BFE}.Debug|x86.ActiveCfg = Debug|Any CPU
		{C6FEBDFE-354B-4333-8EA5-B4C306550BFE}.Debug|x86.Build.0 = Debug|Any CPU
		{C6FEBDFE-354B-4333-8EA5-B4C306550BFE}.Release|Any CPU.ActiveCfg = Release|Any CPU
		{C6FEBDFE-354B-4333-8EA5-B4C306550BFE}.Release|Any CPU.Build.0 = Release|Any CPU
		{C6FEBDFE-354B-4333-8EA5-B4C306550BFE}.Release|x86.ActiveCfg = Release|Any CPU
		{C6FEBDFE-354B-4333-8EA5-B4C306550BFE}.Release|x86.Build.0 = Release|Any CPU
		{398DC6D2-90BE-4A0F-9CFA-DD728260B379}.Debug|Any CPU.ActiveCfg = Debug|Any CPU
		{398DC6D2-90BE-4A0F-9CFA-DD728260B379}.Debug|Any CPU.Build.0 = Debug|Any CPU
		{398DC6D2-90BE-4A0F-9CFA-DD728260B379}.Debug|x86.ActiveCfg = Debug|x86
		{398DC6D2-90BE-4A0F-9CFA-DD728260B379}.Debug|x86.Build.0 = Debug|x86
		{398DC6D2-90BE-4A0F-9CFA-DD728260B379}.Release|Any CPU.ActiveCfg = Release|Any CPU
		{398DC6D2-90BE-4A0F-9CFA-DD728260B379}.Release|Any CPU.Build.0 = Release|Any CPU
		{398DC6D2-90BE-4A0F-9CFA-DD728260B379}.Release|x86.ActiveCfg = Release|x86
		{398DC6D2-90BE-4A0F-9CFA-DD728260B379}.Release|x86.Build.0 = Release|x86
		{C5F9A7E0-085D-4BA9-BD18-BDEDF987C35E}.Debug|Any CPU.ActiveCfg = Debug|Any CPU
		{C5F9A7E0-085D-4BA9-BD18-BDEDF987C35E}.Debug|Any CPU.Build.0 = Debug|Any CPU
		{C5F9A7E0-085D-4BA9-BD18-BDEDF987C35E}.Debug|x86.ActiveCfg = Debug|Any CPU
		{C5F9A7E0-085D-4BA9-BD18-BDEDF987C35E}.Debug|x86.Build.0 = Debug|Any CPU
		{C5F9A7E0-085D-4BA9-BD18-BDEDF987C35E}.Release|Any CPU.ActiveCfg = Release|Any CPU
		{C5F9A7E0-085D-4BA9-BD18-BDEDF987C35E}.Release|Any CPU.Build.0 = Release|Any CPU
		{C5F9A7E0-085D-4BA9-BD18-BDEDF987C35E}.Release|x86.ActiveCfg = Release|Any CPU
		{C5F9A7E0-085D-4BA9-BD18-BDEDF987C35E}.Release|x86.Build.0 = Release|Any CPU
		{C917D320-324E-4696-BE76-18C967ABDAAD}.Debug|Any CPU.ActiveCfg = Debug|Any CPU
		{C917D320-324E-4696-BE76-18C967ABDAAD}.Debug|Any CPU.Build.0 = Debug|Any CPU
		{C917D320-324E-4696-BE76-18C967ABDAAD}.Debug|x86.ActiveCfg = Debug|Any CPU
		{C917D320-324E-4696-BE76-18C967ABDAAD}.Debug|x86.Build.0 = Debug|Any CPU
		{C917D320-324E-4696-BE76-18C967ABDAAD}.Release|Any CPU.ActiveCfg = Release|Any CPU
		{C917D320-324E-4696-BE76-18C967ABDAAD}.Release|Any CPU.Build.0 = Release|Any CPU
		{C917D320-324E-4696-BE76-18C967ABDAAD}.Release|x86.ActiveCfg = Release|Any CPU
		{C917D320-324E-4696-BE76-18C967ABDAAD}.Release|x86.Build.0 = Release|Any CPU
		{205E2F61-AB6D-4BE2-B9C5-DAE5DED816B6}.Debug|Any CPU.ActiveCfg = Debug|Any CPU
		{205E2F61-AB6D-4BE2-B9C5-DAE5DED816B6}.Debug|Any CPU.Build.0 = Debug|Any CPU
		{205E2F61-AB6D-4BE2-B9C5-DAE5DED816B6}.Debug|x86.ActiveCfg = Debug|Any CPU
		{205E2F61-AB6D-4BE2-B9C5-DAE5DED816B6}.Debug|x86.Build.0 = Debug|Any CPU
		{205E2F61-AB6D-4BE2-B9C5-DAE5DED816B6}.Release|Any CPU.ActiveCfg = Release|Any CPU
		{205E2F61-AB6D-4BE2-B9C5-DAE5DED816B6}.Release|Any CPU.Build.0 = Release|Any CPU
		{205E2F61-AB6D-4BE2-B9C5-DAE5DED816B6}.Release|x86.ActiveCfg = Release|Any CPU
		{205E2F61-AB6D-4BE2-B9C5-DAE5DED816B6}.Release|x86.Build.0 = Release|Any CPU
		{84129404-D8F5-1687-BF71-4A68D6206742}.Debug|Any CPU.ActiveCfg = Debug|Any CPU
		{84129404-D8F5-1687-BF71-4A68D6206742}.Debug|Any CPU.Build.0 = Debug|Any CPU
		{84129404-D8F5-1687-BF71-4A68D6206742}.Debug|x86.ActiveCfg = Debug|Any CPU
		{84129404-D8F5-1687-BF71-4A68D6206742}.Debug|x86.Build.0 = Debug|Any CPU
		{84129404-D8F5-1687-BF71-4A68D6206742}.Release|Any CPU.ActiveCfg = Release|Any CPU
		{84129404-D8F5-1687-BF71-4A68D6206742}.Release|Any CPU.Build.0 = Release|Any CPU
		{84129404-D8F5-1687-BF71-4A68D6206742}.Release|x86.ActiveCfg = Release|Any CPU
		{84129404-D8F5-1687-BF71-4A68D6206742}.Release|x86.Build.0 = Release|Any CPU
		{81386703-5478-35CB-C5D9-DF6D2B64F97C}.Debug|Any CPU.ActiveCfg = Debug|Any CPU
		{81386703-5478-35CB-C5D9-DF6D2B64F97C}.Debug|Any CPU.Build.0 = Debug|Any CPU
		{81386703-5478-35CB-C5D9-DF6D2B64F97C}.Debug|x86.ActiveCfg = Debug|Any CPU
		{81386703-5478-35CB-C5D9-DF6D2B64F97C}.Debug|x86.Build.0 = Debug|Any CPU
		{81386703-5478-35CB-C5D9-DF6D2B64F97C}.Release|Any CPU.ActiveCfg = Release|Any CPU
		{81386703-5478-35CB-C5D9-DF6D2B64F97C}.Release|Any CPU.Build.0 = Release|Any CPU
		{81386703-5478-35CB-C5D9-DF6D2B64F97C}.Release|x86.ActiveCfg = Release|Any CPU
		{81386703-5478-35CB-C5D9-DF6D2B64F97C}.Release|x86.Build.0 = Release|Any CPU
	EndGlobalSection
	GlobalSection(SolutionProperties) = preSolution
		HideSolutionNode = FALSE
	EndGlobalSection
	GlobalSection(NestedProjects) = preSolution
		{1643EE6A-F080-49DE-817E-C0698BDCA3C6} = {717F512C-A5FC-4B01-9532-17D2663884A0}
		{C6FEBDFE-354B-4333-8EA5-B4C306550BFE} = {717F512C-A5FC-4B01-9532-17D2663884A0}
		{398DC6D2-90BE-4A0F-9CFA-DD728260B379} = {D14F1A94-1E12-40B7-95AD-458306CAC233}
		{C5F9A7E0-085D-4BA9-BD18-BDEDF987C35E} = {D14F1A94-1E12-40B7-95AD-458306CAC233}
		{C917D320-324E-4696-BE76-18C967ABDAAD} = {D14F1A94-1E12-40B7-95AD-458306CAC233}
		{205E2F61-AB6D-4BE2-B9C5-DAE5DED816B6} = {21A59AB1-1ABE-404A-972E-21ECAE7DC24A}
		{84129404-D8F5-1687-BF71-4A68D6206742} = {717F512C-A5FC-4B01-9532-17D2663884A0}
		{81386703-5478-35CB-C5D9-DF6D2B64F97C} = {D14F1A94-1E12-40B7-95AD-458306CAC233}
	EndGlobalSection
	GlobalSection(ExtensibilityGlobals) = postSolution
		SolutionGuid = {B844430C-F4DE-4B2B-BD01-0E455BD01E41}
	EndGlobalSection
EndGlobal
